
Microsoft Visual Studio Solution File, Format Version 12.00
# Visual Studio 15
VisualStudioVersion = 15.0.28307.421
MinimumVisualStudioVersion = 10.0.40219.1
Project("{FAE04EC0-301F-11D3-BF4B-00C04F79EFBC}") = "ClassMonitor", "ClassMonitor\ClassMonitor.csproj", "{BF515020-C318-44AD-96ED-3006FF66E3CA}"
EndProject
Project("{FAE04EC0-301F-11D3-BF4B-00C04F79EFBC}") = "WebApplication1", "WebApplication1\WebApplication1.csproj", "{2A47D70F-020F-4F56-B1B0-54D0DE71634B}"
EndProject
Global
	GlobalSection(SolutionConfigurationPlatforms) = preSolution
		Debug|Any CPU = Debug|Any CPU
		Release|Any CPU = Release|Any CPU
	EndGlobalSection
	GlobalSection(ProjectConfigurationPlatforms) = postSolution
		{BF515020-C318-44AD-96ED-3006FF66E3CA}.Debug|Any CPU.ActiveCfg = Debug|Any CPU
		{BF515020-C318-44AD-96ED-3006FF66E3CA}.Debug|Any CPU.Build.0 = Debug|Any CPU
		{BF515020-C318-44AD-96ED-3006FF66E3CA}.Release|Any CPU.ActiveCfg = Release|Any CPU
		{BF515020-C318-44AD-96ED-3006FF66E3CA}.Release|Any CPU.Build.0 = Release|Any CPU
		{2A47D70F-020F-4F56-B1B0-54D0DE71634B}.Debug|Any CPU.ActiveCfg = Debug|Any CPU
		{2A47D70F-020F-4F56-B1B0-54D0DE71634B}.Debug|Any CPU.Build.0 = Debug|Any CPU
		{2A47D70F-020F-4F56-B1B0-54D0DE71634B}.Release|Any CPU.ActiveCfg = Release|Any CPU
		{2A47D70F-020F-4F56-B1B0-54D0DE71634B}.Release|Any CPU.Build.0 = Release|Any CPU
	EndGlobalSection
	GlobalSection(SolutionProperties) = preSolution
		HideSolutionNode = FALSE
	EndGlobalSection
	GlobalSection(ExtensibilityGlobals) = postSolution
		SolutionGuid = {4A747BCE-82D0-4DA9-B896-35876251F8E0}
	EndGlobalSection
EndGlobal
